
Microsoft Visual Studio Solution File, Format Version 12.00
# Visual Studio Version 17
VisualStudioVersion = 17.8.34309.116
MinimumVisualStudioVersion = 10.0.40219.1
Project("{9A19103F-16F7-4668-BE54-9A1E7A4F7556}") = "AoCToolbox", "AoCToolbox\AoCToolbox.csproj", "{CADE30A3-B8F5-4E45-BC11-7A05FC157150}"
EndProject
Project("{9A19103F-16F7-4668-BE54-9A1E7A4F7556}") = "Day1", "Day1\Day1.csproj", "{4FF0B821-3014-497B-8889-3310CD3FC86C}"
EndProject
Project("{9A19103F-16F7-4668-BE54-9A1E7A4F7556}") = "Day2", "Day2\Day2.csproj", "{24B125F4-A459-4FF1-9B9D-CC27F6678CD6}"
EndProject
Project("{9A19103F-16F7-4668-BE54-9A1E7A4F7556}") = "Day3", "Day3\Day3.csproj", "{F3B48AEA-B52A-4ABF-9D39-E7970D54C652}"
EndProject
Project("{9A19103F-16F7-4668-BE54-9A1E7A4F7556}") = "Day4", "Day4\Day4.csproj", "{E53FE820-65DB-4116-B775-B36C8552967D}"
EndProject
Project("{9A19103F-16F7-4668-BE54-9A1E7A4F7556}") = "Day5", "Day5\Day5.csproj", "{A3C81AA0-438B-46A4-ADD3-D9FAFAF50022}"
EndProject
Project("{9A19103F-16F7-4668-BE54-9A1E7A4F7556}") = "Day6", "Day6\Day6.csproj", "{AD5CC4BD-58DA-46B7-A378-BB0389FF56AE}"
EndProject
Project("{9A19103F-16F7-4668-BE54-9A1E7A4F7556}") = "Day7", "Day7\Day7.csproj", "{94309902-3EB6-439F-9F2D-97DD41574002}"
EndProject
Project("{9A19103F-16F7-4668-BE54-9A1E7A4F7556}") = "Day8", "Day8\Day8.csproj", "{C224596A-42E4-4F44-A9C1-7EB895A91B12}"
EndProject
Project("{9A19103F-16F7-4668-BE54-9A1E7A4F7556}") = "Day9", "Day9\Day9.csproj", "{6823A693-7D3E-4A37-A070-7D04138743AD}"
EndProject
Project("{9A19103F-16F7-4668-BE54-9A1E7A4F7556}") = "Day10", "Day10\Day10.csproj", "{6E4E3499-CB17-4FD1-BD47-368238704C7C}"
EndProject
Project("{9A19103F-16F7-4668-BE54-9A1E7A4F7556}") = "Day11", "Day11\Day11.csproj", "{43BAA1B5-10FB-4140-B107-9D1B9E841369}"
EndProject
Project("{9A19103F-16F7-4668-BE54-9A1E7A4F7556}") = "Day12", "Day12\Day12.csproj", "{78701214-3463-4B5C-8A6C-AE33E4254B60}"
EndProject
Project("{9A19103F-16F7-4668-BE54-9A1E7A4F7556}") = "Day13", "Day13\Day13.csproj", "{63D0EC7D-D173-42D3-B776-9E50E5569BD8}"
EndProject
Project("{9A19103F-16F7-4668-BE54-9A1E7A4F7556}") = "AoCRunner", "AoCRunner\AoCRunner.csproj", "{9E8264A0-A927-4D21-AA81-CFA47D08F1D0}"
EndProject
Project("{9A19103F-16F7-4668-BE54-9A1E7A4F7556}") = "Day14", "Day14\Day14.csproj", "{ABFA04F0-C566-4F53-8F3D-4D956EC672AB}"
EndProject
Project("{2150E333-8FDC-42A3-9474-1A3956D46DE8}") = "Solution Items", "Solution Items", "{21ED10BF-2A7B-4549-A2E8-3D170F712BE0}"
	ProjectSection(SolutionItems) = preProject
		.editorconfig = .editorconfig
	EndProjectSection
EndProject
Project("{9A19103F-16F7-4668-BE54-9A1E7A4F7556}") = "Day15", "Day15\Day15.csproj", "{CDC26E37-BE53-43DE-A0F2-D5213FD9C9CF}"
EndProject
Project("{9A19103F-16F7-4668-BE54-9A1E7A4F7556}") = "Day16", "Day16\Day16.csproj", "{E7FA4539-7983-4C5B-9ECF-D634EA4E2B69}"
EndProject
Project("{9A19103F-16F7-4668-BE54-9A1E7A4F7556}") = "Day17", "Day17\Day17.csproj", "{E6A58AD8-F7EE-4509-AA2B-868CE7DE7D7A}"
EndProject
Project("{9A19103F-16F7-4668-BE54-9A1E7A4F7556}") = "Day18", "Day18\Day18.csproj", "{AFE570F4-8911-45AC-BFD3-47A738DA4B49}"
EndProject
Project("{9A19103F-16F7-4668-BE54-9A1E7A4F7556}") = "Day19", "Day19\Day19.csproj", "{3A50A99D-C0C8-4F6A-99AA-7B3C1964A8EB}"
EndProject
Project("{9A19103F-16F7-4668-BE54-9A1E7A4F7556}") = "ScratchPad", "ScratchPad\ScratchPad.csproj", "{AF3C7B4F-1186-4E6E-857C-697E5BB4D028}"
EndProject
Project("{9A19103F-16F7-4668-BE54-9A1E7A4F7556}") = "Day20", "Day20\Day20.csproj", "{ADD7088F-9613-4B9A-9C8A-752DA1D7DBDF}"
EndProject
Project("{FAE04EC0-301F-11D3-BF4B-00C04F79EFBC}") = "Day21", "Day21\Day21.csproj", "{94E33759-03D8-42A0-8554-B30732AEA944}"
EndProject
Global
	GlobalSection(SolutionConfigurationPlatforms) = preSolution
		Debug|Any CPU = Debug|Any CPU
		Release|Any CPU = Release|Any CPU
	EndGlobalSection
	GlobalSection(ProjectConfigurationPlatforms) = postSolution
		{CADE30A3-B8F5-4E45-BC11-7A05FC157150}.Debug|Any CPU.ActiveCfg = Debug|Any CPU
		{CADE30A3-B8F5-4E45-BC11-7A05FC157150}.Debug|Any CPU.Build.0 = Debug|Any CPU
		{CADE30A3-B8F5-4E45-BC11-7A05FC157150}.Release|Any CPU.ActiveCfg = Release|Any CPU
		{CADE30A3-B8F5-4E45-BC11-7A05FC157150}.Release|Any CPU.Build.0 = Release|Any CPU
		{4FF0B821-3014-497B-8889-3310CD3FC86C}.Debug|Any CPU.ActiveCfg = Debug|Any CPU
		{4FF0B821-3014-497B-8889-3310CD3FC86C}.Debug|Any CPU.Build.0 = Debug|Any CPU
		{4FF0B821-3014-497B-8889-3310CD3FC86C}.Release|Any CPU.ActiveCfg = Release|Any CPU
		{4FF0B821-3014-497B-8889-3310CD3FC86C}.Release|Any CPU.Build.0 = Release|Any CPU
		{24B125F4-A459-4FF1-9B9D-CC27F6678CD6}.Debug|Any CPU.ActiveCfg = Debug|Any CPU
		{24B125F4-A459-4FF1-9B9D-CC27F6678CD6}.Debug|Any CPU.Build.0 = Debug|Any CPU
		{24B125F4-A459-4FF1-9B9D-CC27F6678CD6}.Release|Any CPU.ActiveCfg = Release|Any CPU
		{24B125F4-A459-4FF1-9B9D-CC27F6678CD6}.Release|Any CPU.Build.0 = Release|Any CPU
		{F3B48AEA-B52A-4ABF-9D39-E7970D54C652}.Debug|Any CPU.ActiveCfg = Debug|Any CPU
		{F3B48AEA-B52A-4ABF-9D39-E7970D54C652}.Debug|Any CPU.Build.0 = Debug|Any CPU
		{F3B48AEA-B52A-4ABF-9D39-E7970D54C652}.Release|Any CPU.ActiveCfg = Release|Any CPU
		{F3B48AEA-B52A-4ABF-9D39-E7970D54C652}.Release|Any CPU.Build.0 = Release|Any CPU
		{E53FE820-65DB-4116-B775-B36C8552967D}.Debug|Any CPU.ActiveCfg = Debug|Any CPU
		{E53FE820-65DB-4116-B775-B36C8552967D}.Debug|Any CPU.Build.0 = Debug|Any CPU
		{E53FE820-65DB-4116-B775-B36C8552967D}.Release|Any CPU.ActiveCfg = Release|Any CPU
		{E53FE820-65DB-4116-B775-B36C8552967D}.Release|Any CPU.Build.0 = Release|Any CPU
		{A3C81AA0-438B-46A4-ADD3-D9FAFAF50022}.Debug|Any CPU.ActiveCfg = Debug|Any CPU
		{A3C81AA0-438B-46A4-ADD3-D9FAFAF50022}.Debug|Any CPU.Build.0 = Debug|Any CPU
		{A3C81AA0-438B-46A4-ADD3-D9FAFAF50022}.Release|Any CPU.ActiveCfg = Release|Any CPU
		{A3C81AA0-438B-46A4-ADD3-D9FAFAF50022}.Release|Any CPU.Build.0 = Release|Any CPU
		{AD5CC4BD-58DA-46B7-A378-BB0389FF56AE}.Debug|Any CPU.ActiveCfg = Debug|Any CPU
		{AD5CC4BD-58DA-46B7-A378-BB0389FF56AE}.Debug|Any CPU.Build.0 = Debug|Any CPU
		{AD5CC4BD-58DA-46B7-A378-BB0389FF56AE}.Release|Any CPU.ActiveCfg = Release|Any CPU
		{AD5CC4BD-58DA-46B7-A378-BB0389FF56AE}.Release|Any CPU.Build.0 = Release|Any CPU
		{94309902-3EB6-439F-9F2D-97DD41574002}.Debug|Any CPU.ActiveCfg = Debug|Any CPU
		{94309902-3EB6-439F-9F2D-97DD41574002}.Debug|Any CPU.Build.0 = Debug|Any CPU
		{94309902-3EB6-439F-9F2D-97DD41574002}.Release|Any CPU.ActiveCfg = Release|Any CPU
		{94309902-3EB6-439F-9F2D-97DD41574002}.Release|Any CPU.Build.0 = Release|Any CPU
		{C224596A-42E4-4F44-A9C1-7EB895A91B12}.Debug|Any CPU.ActiveCfg = Debug|Any CPU
		{C224596A-42E4-4F44-A9C1-7EB895A91B12}.Debug|Any CPU.Build.0 = Debug|Any CPU
		{C224596A-42E4-4F44-A9C1-7EB895A91B12}.Release|Any CPU.ActiveCfg = Release|Any CPU
		{C224596A-42E4-4F44-A9C1-7EB895A91B12}.Release|Any CPU.Build.0 = Release|Any CPU
		{6823A693-7D3E-4A37-A070-7D04138743AD}.Debug|Any CPU.ActiveCfg = Debug|Any CPU
		{6823A693-7D3E-4A37-A070-7D04138743AD}.Debug|Any CPU.Build.0 = Debug|Any CPU
		{6823A693-7D3E-4A37-A070-7D04138743AD}.Release|Any CPU.ActiveCfg = Release|Any CPU
		{6823A693-7D3E-4A37-A070-7D04138743AD}.Release|Any CPU.Build.0 = Release|Any CPU
		{6E4E3499-CB17-4FD1-BD47-368238704C7C}.Debug|Any CPU.ActiveCfg = Debug|Any CPU
		{6E4E3499-CB17-4FD1-BD47-368238704C7C}.Debug|Any CPU.Build.0 = Debug|Any CPU
		{6E4E3499-CB17-4FD1-BD47-368238704C7C}.Release|Any CPU.ActiveCfg = Release|Any CPU
		{6E4E3499-CB17-4FD1-BD47-368238704C7C}.Release|Any CPU.Build.0 = Release|Any CPU
		{43BAA1B5-10FB-4140-B107-9D1B9E841369}.Debug|Any CPU.ActiveCfg = Debug|Any CPU
		{43BAA1B5-10FB-4140-B107-9D1B9E841369}.Debug|Any CPU.Build.0 = Debug|Any CPU
		{43BAA1B5-10FB-4140-B107-9D1B9E841369}.Release|Any CPU.ActiveCfg = Release|Any CPU
		{43BAA1B5-10FB-4140-B107-9D1B9E841369}.Release|Any CPU.Build.0 = Release|Any CPU
		{78701214-3463-4B5C-8A6C-AE33E4254B60}.Debug|Any CPU.ActiveCfg = Debug|Any CPU
		{78701214-3463-4B5C-8A6C-AE33E4254B60}.Debug|Any CPU.Build.0 = Debug|Any CPU
		{78701214-3463-4B5C-8A6C-AE33E4254B60}.Release|Any CPU.ActiveCfg = Release|Any CPU
		{78701214-3463-4B5C-8A6C-AE33E4254B60}.Release|Any CPU.Build.0 = Release|Any CPU
		{63D0EC7D-D173-42D3-B776-9E50E5569BD8}.Debug|Any CPU.ActiveCfg = Debug|Any CPU
		{63D0EC7D-D173-42D3-B776-9E50E5569BD8}.Debug|Any CPU.Build.0 = Debug|Any CPU
		{63D0EC7D-D173-42D3-B776-9E50E5569BD8}.Release|Any CPU.ActiveCfg = Release|Any CPU
		{63D0EC7D-D173-42D3-B776-9E50E5569BD8}.Release|Any CPU.Build.0 = Release|Any CPU
		{9E8264A0-A927-4D21-AA81-CFA47D08F1D0}.Debug|Any CPU.ActiveCfg = Debug|Any CPU
		{9E8264A0-A927-4D21-AA81-CFA47D08F1D0}.Debug|Any CPU.Build.0 = Debug|Any CPU
		{9E8264A0-A927-4D21-AA81-CFA47D08F1D0}.Release|Any CPU.ActiveCfg = Release|Any CPU
		{9E8264A0-A927-4D21-AA81-CFA47D08F1D0}.Release|Any CPU.Build.0 = Release|Any CPU
		{ABFA04F0-C566-4F53-8F3D-4D956EC672AB}.Debug|Any CPU.ActiveCfg = Debug|Any CPU
		{ABFA04F0-C566-4F53-8F3D-4D956EC672AB}.Debug|Any CPU.Build.0 = Debug|Any CPU
		{ABFA04F0-C566-4F53-8F3D-4D956EC672AB}.Release|Any CPU.ActiveCfg = Release|Any CPU
		{ABFA04F0-C566-4F53-8F3D-4D956EC672AB}.Release|Any CPU.Build.0 = Release|Any CPU
		{CDC26E37-BE53-43DE-A0F2-D5213FD9C9CF}.Debug|Any CPU.ActiveCfg = Debug|Any CPU
		{CDC26E37-BE53-43DE-A0F2-D5213FD9C9CF}.Debug|Any CPU.Build.0 = Debug|Any CPU
		{CDC26E37-BE53-43DE-A0F2-D5213FD9C9CF}.Release|Any CPU.ActiveCfg = Release|Any CPU
		{CDC26E37-BE53-43DE-A0F2-D5213FD9C9CF}.Release|Any CPU.Build.0 = Release|Any CPU
		{E7FA4539-7983-4C5B-9ECF-D634EA4E2B69}.Debug|Any CPU.ActiveCfg = Debug|Any CPU
		{E7FA4539-7983-4C5B-9ECF-D634EA4E2B69}.Debug|Any CPU.Build.0 = Debug|Any CPU
		{E7FA4539-7983-4C5B-9ECF-D634EA4E2B69}.Release|Any CPU.ActiveCfg = Release|Any CPU
		{E7FA4539-7983-4C5B-9ECF-D634EA4E2B69}.Release|Any CPU.Build.0 = Release|Any CPU
		{E6A58AD8-F7EE-4509-AA2B-868CE7DE7D7A}.Debug|Any CPU.ActiveCfg = Debug|Any CPU
		{E6A58AD8-F7EE-4509-AA2B-868CE7DE7D7A}.Debug|Any CPU.Build.0 = Debug|Any CPU
		{E6A58AD8-F7EE-4509-AA2B-868CE7DE7D7A}.Release|Any CPU.ActiveCfg = Release|Any CPU
		{E6A58AD8-F7EE-4509-AA2B-868CE7DE7D7A}.Release|Any CPU.Build.0 = Release|Any CPU
		{AFE570F4-8911-45AC-BFD3-47A738DA4B49}.Debug|Any CPU.ActiveCfg = Debug|Any CPU
		{AFE570F4-8911-45AC-BFD3-47A738DA4B49}.Debug|Any CPU.Build.0 = Debug|Any CPU
		{AFE570F4-8911-45AC-BFD3-47A738DA4B49}.Release|Any CPU.ActiveCfg = Release|Any CPU
		{AFE570F4-8911-45AC-BFD3-47A738DA4B49}.Release|Any CPU.Build.0 = Release|Any CPU
		{3A50A99D-C0C8-4F6A-99AA-7B3C1964A8EB}.Debug|Any CPU.ActiveCfg = Debug|Any CPU
		{3A50A99D-C0C8-4F6A-99AA-7B3C1964A8EB}.Debug|Any CPU.Build.0 = Debug|Any CPU
		{3A50A99D-C0C8-4F6A-99AA-7B3C1964A8EB}.Release|Any CPU.ActiveCfg = Release|Any CPU
		{3A50A99D-C0C8-4F6A-99AA-7B3C1964A8EB}.Release|Any CPU.Build.0 = Release|Any CPU
		{AF3C7B4F-1186-4E6E-857C-697E5BB4D028}.Debug|Any CPU.ActiveCfg = Debug|Any CPU
		{AF3C7B4F-1186-4E6E-857C-697E5BB4D028}.Debug|Any CPU.Build.0 = Debug|Any CPU
		{AF3C7B4F-1186-4E6E-857C-697E5BB4D028}.Release|Any CPU.ActiveCfg = Release|Any CPU
		{AF3C7B4F-1186-4E6E-857C-697E5BB4D028}.Release|Any CPU.Build.0 = Release|Any CPU
		{ADD7088F-9613-4B9A-9C8A-752DA1D7DBDF}.Debug|Any CPU.ActiveCfg = Debug|Any CPU
		{ADD7088F-9613-4B9A-9C8A-752DA1D7DBDF}.Debug|Any CPU.Build.0 = Debug|Any CPU
		{ADD7088F-9613-4B9A-9C8A-752DA1D7DBDF}.Release|Any CPU.ActiveCfg = Release|Any CPU
		{ADD7088F-9613-4B9A-9C8A-752DA1D7DBDF}.Release|Any CPU.Build.0 = Release|Any CPU
		{94E33759-03D8-42A0-8554-B30732AEA944}.Debug|Any CPU.ActiveCfg = Debug|Any CPU
		{94E33759-03D8-42A0-8554-B30732AEA944}.Debug|Any CPU.Build.0 = Debug|Any CPU
		{94E33759-03D8-42A0-8554-B30732AEA944}.Release|Any CPU.ActiveCfg = Release|Any CPU
		{94E33759-03D8-42A0-8554-B30732AEA944}.Release|Any CPU.Build.0 = Release|Any CPU
	EndGlobalSection
	GlobalSection(SolutionProperties) = preSolution
		HideSolutionNode = FALSE
	EndGlobalSection
	GlobalSection(ExtensibilityGlobals) = postSolution
		SolutionGuid = {441D7C65-A15B-495C-8352-1601D6831C84}
	EndGlobalSection
EndGlobal
