
Microsoft Visual Studio Solution File, Format Version 12.00
# Visual Studio Version 17
VisualStudioVersion = 17.8.34309.116
MinimumVisualStudioVersion = 10.0.40219.1
Project("{9A19103F-16F7-4668-BE54-9A1E7A4F7556}") = "AoCToolbox", "AoCToolbox\AoCToolbox.csproj", "{CADE30A3-B8F5-4E45-BC11-7A05FC157150}"
EndProject
Project("{9A19103F-16F7-4668-BE54-9A1E7A4F7556}") = "Day1", "Day1\Day1.csproj", "{4FF0B821-3014-497B-8889-3310CD3FC86C}"
EndProject
Project("{9A19103F-16F7-4668-BE54-9A1E7A4F7556}") = "Day2", "Day2\Day2.csproj", "{24B125F4-A459-4FF1-9B9D-CC27F6678CD6}"
EndProject
Project("{9A19103F-16F7-4668-BE54-9A1E7A4F7556}") = "Day3", "Day3\Day3.csproj", "{F3B48AEA-B52A-4ABF-9D39-E7970D54C652}"
EndProject
Project("{FAE04EC0-301F-11D3-BF4B-00C04F79EFBC}") = "Day4", "Day4\Day4.csproj", "{E53FE820-65DB-4116-B775-B36C8552967D}"
EndProject
Project("{FAE04EC0-301F-11D3-BF4B-00C04F79EFBC}") = "Day5", "Day5\Day5.csproj", "{A3C81AA0-438B-46A4-ADD3-D9FAFAF50022}"
EndProject
Global
	GlobalSection(SolutionConfigurationPlatforms) = preSolution
		Debug|Any CPU = Debug|Any CPU
		Release|Any CPU = Release|Any CPU
	EndGlobalSection
	GlobalSection(ProjectConfigurationPlatforms) = postSolution
		{CADE30A3-B8F5-4E45-BC11-7A05FC157150}.Debug|Any CPU.ActiveCfg = Debug|Any CPU
		{CADE30A3-B8F5-4E45-BC11-7A05FC157150}.Debug|Any CPU.Build.0 = Debug|Any CPU
		{CADE30A3-B8F5-4E45-BC11-7A05FC157150}.Release|Any CPU.ActiveCfg = Release|Any CPU
		{CADE30A3-B8F5-4E45-BC11-7A05FC157150}.Release|Any CPU.Build.0 = Release|Any CPU
		{4FF0B821-3014-497B-8889-3310CD3FC86C}.Debug|Any CPU.ActiveCfg = Debug|Any CPU
		{4FF0B821-3014-497B-8889-3310CD3FC86C}.Debug|Any CPU.Build.0 = Debug|Any CPU
		{4FF0B821-3014-497B-8889-3310CD3FC86C}.Release|Any CPU.ActiveCfg = Release|Any CPU
		{4FF0B821-3014-497B-8889-3310CD3FC86C}.Release|Any CPU.Build.0 = Release|Any CPU
		{24B125F4-A459-4FF1-9B9D-CC27F6678CD6}.Debug|Any CPU.ActiveCfg = Debug|Any CPU
		{24B125F4-A459-4FF1-9B9D-CC27F6678CD6}.Debug|Any CPU.Build.0 = Debug|Any CPU
		{24B125F4-A459-4FF1-9B9D-CC27F6678CD6}.Release|Any CPU.ActiveCfg = Release|Any CPU
		{24B125F4-A459-4FF1-9B9D-CC27F6678CD6}.Release|Any CPU.Build.0 = Release|Any CPU
		{F3B48AEA-B52A-4ABF-9D39-E7970D54C652}.Debug|Any CPU.ActiveCfg = Debug|Any CPU
		{F3B48AEA-B52A-4ABF-9D39-E7970D54C652}.Debug|Any CPU.Build.0 = Debug|Any CPU
		{F3B48AEA-B52A-4ABF-9D39-E7970D54C652}.Release|Any CPU.ActiveCfg = Release|Any CPU
		{F3B48AEA-B52A-4ABF-9D39-E7970D54C652}.Release|Any CPU.Build.0 = Release|Any CPU
		{E53FE820-65DB-4116-B775-B36C8552967D}.Debug|Any CPU.ActiveCfg = Debug|Any CPU
		{E53FE820-65DB-4116-B775-B36C8552967D}.Debug|Any CPU.Build.0 = Debug|Any CPU
		{E53FE820-65DB-4116-B775-B36C8552967D}.Release|Any CPU.ActiveCfg = Release|Any CPU
		{E53FE820-65DB-4116-B775-B36C8552967D}.Release|Any CPU.Build.0 = Release|Any CPU
		{A3C81AA0-438B-46A4-ADD3-D9FAFAF50022}.Debug|Any CPU.ActiveCfg = Debug|Any CPU
		{A3C81AA0-438B-46A4-ADD3-D9FAFAF50022}.Debug|Any CPU.Build.0 = Debug|Any CPU
		{A3C81AA0-438B-46A4-ADD3-D9FAFAF50022}.Release|Any CPU.ActiveCfg = Release|Any CPU
		{A3C81AA0-438B-46A4-ADD3-D9FAFAF50022}.Release|Any CPU.Build.0 = Release|Any CPU
	EndGlobalSection
	GlobalSection(SolutionProperties) = preSolution
		HideSolutionNode = FALSE
	EndGlobalSection
	GlobalSection(ExtensibilityGlobals) = postSolution
		SolutionGuid = {441D7C65-A15B-495C-8352-1601D6831C84}
	EndGlobalSection
EndGlobal
